// !$*UTF8*$!
{
	archiveVersion = 1;
	classes = {
	};
	objectVersion = 56;
	objects = {

/* Begin PBXBuildFile section */
		7EDCB1272CA1358B00E46603 /* Weather_AppApp.swift in Sources */ = {isa = PBXBuildFile; fileRef = 7EDCB1262CA1358B00E46603 /* Weather_AppApp.swift */; };
		7EDCB1292CA1358B00E46603 /* ContentView.swift in Sources */ = {isa = PBXBuildFile; fileRef = 7EDCB1282CA1358B00E46603 /* ContentView.swift */; };
		7EDCB12B2CA1358C00E46603 /* Assets.xcassets in Resources */ = {isa = PBXBuildFile; fileRef = 7EDCB12A2CA1358C00E46603 /* Assets.xcassets */; };
		7EDCB12E2CA1358C00E46603 /* Preview Assets.xcassets in Resources */ = {isa = PBXBuildFile; fileRef = 7EDCB12D2CA1358C00E46603 /* Preview Assets.xcassets */; };
		7EDCB1382CA1358D00E46603 /* Weather_AppTests.swift in Sources */ = {isa = PBXBuildFile; fileRef = 7EDCB1372CA1358D00E46603 /* Weather_AppTests.swift */; };
		7EDCB1422CA1358D00E46603 /* Weather_AppUITests.swift in Sources */ = {isa = PBXBuildFile; fileRef = 7EDCB1412CA1358D00E46603 /* Weather_AppUITests.swift */; };
		7EDCB1442CA1358D00E46603 /* Weather_AppUITestsLaunchTests.swift in Sources */ = {isa = PBXBuildFile; fileRef = 7EDCB1432CA1358D00E46603 /* Weather_AppUITestsLaunchTests.swift */; };
/* End PBXBuildFile section */

/* Begin PBXContainerItemProxy section */
		7EDCB1342CA1358D00E46603 /* PBXContainerItemProxy */ = {
			isa = PBXContainerItemProxy;
			containerPortal = 7EDCB11B2CA1358B00E46603 /* Project object */;
			proxyType = 1;
			remoteGlobalIDString = 7EDCB1222CA1358B00E46603;
			remoteInfo = Weather_App;
		};
		7EDCB13E2CA1358D00E46603 /* PBXContainerItemProxy */ = {
			isa = PBXContainerItemProxy;
			containerPortal = 7EDCB11B2CA1358B00E46603 /* Project object */;
			proxyType = 1;
			remoteGlobalIDString = 7EDCB1222CA1358B00E46603;
			remoteInfo = Weather_App;
		};
/* End PBXContainerItemProxy section */

/* Begin PBXFileReference section */
		7EDCB1232CA1358B00E46603 /* Weather_App.app */ = {isa = PBXFileReference; explicitFileType = wrapper.application; includeInIndex = 0; path = Weather_App.app; sourceTree = BUILT_PRODUCTS_DIR; };
		7EDCB1262CA1358B00E46603 /* Weather_AppApp.swift */ = {isa = PBXFileReference; lastKnownFileType = sourcecode.swift; path = Weather_AppApp.swift; sourceTree = "<group>"; };
		7EDCB1282CA1358B00E46603 /* ContentView.swift */ = {isa = PBXFileReference; lastKnownFileType = sourcecode.swift; path = ContentView.swift; sourceTree = "<group>"; };
		7EDCB12A2CA1358C00E46603 /* Assets.xcassets */ = {isa = PBXFileReference; lastKnownFileType = folder.assetcatalog; path = Assets.xcassets; sourceTree = "<group>"; };
		7EDCB12D2CA1358C00E46603 /* Preview Assets.xcassets */ = {isa = PBXFileReference; lastKnownFileType = folder.assetcatalog; path = "Preview Assets.xcassets"; sourceTree = "<group>"; };
		7EDCB1332CA1358D00E46603 /* Weather_AppTests.xctest */ = {isa = PBXFileReference; explicitFileType = wrapper.cfbundle; includeInIndex = 0; path = Weather_AppTests.xctest; sourceTree = BUILT_PRODUCTS_DIR; };
		7EDCB1372CA1358D00E46603 /* Weather_AppTests.swift */ = {isa = PBXFileReference; lastKnownFileType = sourcecode.swift; path = Weather_AppTests.swift; sourceTree = "<group>"; };
		7EDCB13D2CA1358D00E46603 /* Weather_AppUITests.xctest */ = {isa = PBXFileReference; explicitFileType = wrapper.cfbundle; includeInIndex = 0; path = Weather_AppUITests.xctest; sourceTree = BUILT_PRODUCTS_DIR; };
		7EDCB1412CA1358D00E46603 /* Weather_AppUITests.swift */ = {isa = PBXFileReference; lastKnownFileType = sourcecode.swift; path = Weather_AppUITests.swift; sourceTree = "<group>"; };
		7EDCB1432CA1358D00E46603 /* Weather_AppUITestsLaunchTests.swift */ = {isa = PBXFileReference; lastKnownFileType = sourcecode.swift; path = Weather_AppUITestsLaunchTests.swift; sourceTree = "<group>"; };
/* End PBXFileReference section */

/* Begin PBXFrameworksBuildPhase section */
		7EDCB1202CA1358B00E46603 /* Frameworks */ = {
			isa = PBXFrameworksBuildPhase;
			buildActionMask = 2147483647;
			files = (
			);
			runOnlyForDeploymentPostprocessing = 0;
		};
		7EDCB1302CA1358D00E46603 /* Frameworks */ = {
			isa = PBXFrameworksBuildPhase;
			buildActionMask = 2147483647;
			files = (
			);
			runOnlyForDeploymentPostprocessing = 0;
		};
		7EDCB13A2CA1358D00E46603 /* Frameworks */ = {
			isa = PBXFrameworksBuildPhase;
			buildActionMask = 2147483647;
			files = (
			);
			runOnlyForDeploymentPostprocessing = 0;
		};
/* End PBXFrameworksBuildPhase section */

/* Begin PBXGroup section */
		7EDCB11A2CA1358B00E46603 = {
			isa = PBXGroup;
			children = (
				7EDCB1252CA1358B00E46603 /* Weather_App */,
				7EDCB1362CA1358D00E46603 /* Weather_AppTests */,
				7EDCB1402CA1358D00E46603 /* Weather_AppUITests */,
				7EDCB1242CA1358B00E46603 /* Products */,
			);
			sourceTree = "<group>";
		};
		7EDCB1242CA1358B00E46603 /* Products */ = {
			isa = PBXGroup;
			children = (
				7EDCB1232CA1358B00E46603 /* Weather_App.app */,
				7EDCB1332CA1358D00E46603 /* Weather_AppTests.xctest */,
				7EDCB13D2CA1358D00E46603 /* Weather_AppUITests.xctest */,
			);
			name = Products;
			sourceTree = "<group>";
		};
		7EDCB1252CA1358B00E46603 /* Weather_App */ = {
			isa = PBXGroup;
			children = (
				7EDCB1262CA1358B00E46603 /* Weather_AppApp.swift */,
				7EDCB1282CA1358B00E46603 /* ContentView.swift */,
				7EDCB12A2CA1358C00E46603 /* Assets.xcassets */,
				7EDCB12C2CA1358C00E46603 /* Preview Content */,
			);
			path = Weather_App;
			sourceTree = "<group>";
		};
		7EDCB12C2CA1358C00E46603 /* Preview Content */ = {
			isa = PBXGroup;
			children = (
				7EDCB12D2CA1358C00E46603 /* Preview Assets.xcassets */,
			);
			path = "Preview Content";
			sourceTree = "<group>";
		};
		7EDCB1362CA1358D00E46603 /* Weather_AppTests */ = {
			isa = PBXGroup;
			children = (
				7EDCB1372CA1358D00E46603 /* Weather_AppTests.swift */,
			);
			path = Weather_AppTests;
			sourceTree = "<group>";
		};
		7EDCB1402CA1358D00E46603 /* Weather_AppUITests */ = {
			isa = PBXGroup;
			children = (
				7EDCB1412CA1358D00E46603 /* Weather_AppUITests.swift */,
				7EDCB1432CA1358D00E46603 /* Weather_AppUITestsLaunchTests.swift */,
			);
			path = Weather_AppUITests;
			sourceTree = "<group>";
		};
/* End PBXGroup section */

/* Begin PBXNativeTarget section */
		7EDCB1222CA1358B00E46603 /* Weather_App */ = {
			isa = PBXNativeTarget;
			buildConfigurationList = 7EDCB1472CA1358D00E46603 /* Build configuration list for PBXNativeTarget "Weather_App" */;
			buildPhases = (
				7EDCB11F2CA1358B00E46603 /* Sources */,
				7EDCB1202CA1358B00E46603 /* Frameworks */,
				7EDCB1212CA1358B00E46603 /* Resources */,
			);
			buildRules = (
			);
			dependencies = (
			);
			name = Weather_App;
			productName = Weather_App;
			productReference = 7EDCB1232CA1358B00E46603 /* Weather_App.app */;
			productType = "com.apple.product-type.application";
		};
		7EDCB1322CA1358D00E46603 /* Weather_AppTests */ = {
			isa = PBXNativeTarget;
			buildConfigurationList = 7EDCB14A2CA1358D00E46603 /* Build configuration list for PBXNativeTarget "Weather_AppTests" */;
			buildPhases = (
				7EDCB12F2CA1358D00E46603 /* Sources */,
				7EDCB1302CA1358D00E46603 /* Frameworks */,
				7EDCB1312CA1358D00E46603 /* Resources */,
			);
			buildRules = (
			);
			dependencies = (
				7EDCB1352CA1358D00E46603 /* PBXTargetDependency */,
			);
			name = Weather_AppTests;
			productName = Weather_AppTests;
			productReference = 7EDCB1332CA1358D00E46603 /* Weather_AppTests.xctest */;
			productType = "com.apple.product-type.bundle.unit-test";
		};
		7EDCB13C2CA1358D00E46603 /* Weather_AppUITests */ = {
			isa = PBXNativeTarget;
			buildConfigurationList = 7EDCB14D2CA1358D00E46603 /* Build configuration list for PBXNativeTarget "Weather_AppUITests" */;
			buildPhases = (
				7EDCB1392CA1358D00E46603 /* Sources */,
				7EDCB13A2CA1358D00E46603 /* Frameworks */,
				7EDCB13B2CA1358D00E46603 /* Resources */,
			);
			buildRules = (
			);
			dependencies = (
				7EDCB13F2CA1358D00E46603 /* PBXTargetDependency */,
			);
			name = Weather_AppUITests;
			productName = Weather_AppUITests;
			productReference = 7EDCB13D2CA1358D00E46603 /* Weather_AppUITests.xctest */;
			productType = "com.apple.product-type.bundle.ui-testing";
		};
/* End PBXNativeTarget section */

/* Begin PBXProject section */
		7EDCB11B2CA1358B00E46603 /* Project object */ = {
			isa = PBXProject;
			attributes = {
				BuildIndependentTargetsInParallel = 1;
				LastSwiftUpdateCheck = 1540;
				LastUpgradeCheck = 1540;
				TargetAttributes = {
					7EDCB1222CA1358B00E46603 = {
						CreatedOnToolsVersion = 15.4;
					};
					7EDCB1322CA1358D00E46603 = {
						CreatedOnToolsVersion = 15.4;
						TestTargetID = 7EDCB1222CA1358B00E46603;
					};
					7EDCB13C2CA1358D00E46603 = {
						CreatedOnToolsVersion = 15.4;
						TestTargetID = 7EDCB1222CA1358B00E46603;
					};
				};
			};
			buildConfigurationList = 7EDCB11E2CA1358B00E46603 /* Build configuration list for PBXProject "Weather_App" */;
			compatibilityVersion = "Xcode 14.0";
			developmentRegion = en;
			hasScannedForEncodings = 0;
			knownRegions = (
				en,
				Base,
			);
			mainGroup = 7EDCB11A2CA1358B00E46603;
			productRefGroup = 7EDCB1242CA1358B00E46603 /* Products */;
			projectDirPath = "";
			projectRoot = "";
			targets = (
				7EDCB1222CA1358B00E46603 /* Weather_App */,
				7EDCB1322CA1358D00E46603 /* Weather_AppTests */,
				7EDCB13C2CA1358D00E46603 /* Weather_AppUITests */,
			);
		};
/* End PBXProject section */

/* Begin PBXResourcesBuildPhase section */
		7EDCB1212CA1358B00E46603 /* Resources */ = {
			isa = PBXResourcesBuildPhase;
			buildActionMask = 2147483647;
			files = (
				7EDCB12E2CA1358C00E46603 /* Preview Assets.xcassets in Resources */,
				7EDCB12B2CA1358C00E46603 /* Assets.xcassets in Resources */,
			);
			runOnlyForDeploymentPostprocessing = 0;
		};
		7EDCB1312CA1358D00E46603 /* Resources */ = {
			isa = PBXResourcesBuildPhase;
			buildActionMask = 2147483647;
			files = (
			);
			runOnlyForDeploymentPostprocessing = 0;
		};
		7EDCB13B2CA1358D00E46603 /* Resources */ = {
			isa = PBXResourcesBuildPhase;
			buildActionMask = 2147483647;
			files = (
			);
			runOnlyForDeploymentPostprocessing = 0;
		};
/* End PBXResourcesBuildPhase section */

/* Begin PBXSourcesBuildPhase section */
		7EDCB11F2CA1358B00E46603 /* Sources */ = {
			isa = PBXSourcesBuildPhase;
			buildActionMask = 2147483647;
			files = (
				7EDCB1292CA1358B00E46603 /* ContentView.swift in Sources */,
				7EDCB1272CA1358B00E46603 /* Weather_AppApp.swift in Sources */,
			);
			runOnlyForDeploymentPostprocessing = 0;
		};
		7EDCB12F2CA1358D00E46603 /* Sources */ = {
			isa = PBXSourcesBuildPhase;
			buildActionMask = 2147483647;
			files = (
				7EDCB1382CA1358D00E46603 /* Weather_AppTests.swift in Sources */,
			);
			runOnlyForDeploymentPostprocessing = 0;
		};
		7EDCB1392CA1358D00E46603 /* Sources */ = {
			isa = PBXSourcesBuildPhase;
			buildActionMask = 2147483647;
			files = (
				7EDCB1422CA1358D00E46603 /* Weather_AppUITests.swift in Sources */,
				7EDCB1442CA1358D00E46603 /* Weather_AppUITestsLaunchTests.swift in Sources */,
			);
			runOnlyForDeploymentPostprocessing = 0;
		};
/* End PBXSourcesBuildPhase section */

/* Begin PBXTargetDependency section */
		7EDCB1352CA1358D00E46603 /* PBXTargetDependency */ = {
			isa = PBXTargetDependency;
			target = 7EDCB1222CA1358B00E46603 /* Weather_App */;
			targetProxy = 7EDCB1342CA1358D00E46603 /* PBXContainerItemProxy */;
		};
		7EDCB13F2CA1358D00E46603 /* PBXTargetDependency */ = {
			isa = PBXTargetDependency;
			target = 7EDCB1222CA1358B00E46603 /* Weather_App */;
			targetProxy = 7EDCB13E2CA1358D00E46603 /* PBXContainerItemProxy */;
		};
/* End PBXTargetDependency section */

/* Begin XCBuildConfiguration section */
		7EDCB1452CA1358D00E46603 /* Debug */ = {
			isa = XCBuildConfiguration;
			buildSettings = {
				ALWAYS_SEARCH_USER_PATHS = NO;
				ASSETCATALOG_COMPILER_GENERATE_SWIFT_ASSET_SYMBOL_EXTENSIONS = YES;
				CLANG_ANALYZER_NONNULL = YES;
				CLANG_ANALYZER_NUMBER_OBJECT_CONVERSION = YES_AGGRESSIVE;
				CLANG_CXX_LANGUAGE_STANDARD = "gnu++20";
				CLANG_ENABLE_MODULES = YES;
				CLANG_ENABLE_OBJC_ARC = YES;
				CLANG_ENABLE_OBJC_WEAK = YES;
				CLANG_WARN_BLOCK_CAPTURE_AUTORELEASING = YES;
				CLANG_WARN_BOOL_CONVERSION = YES;
				CLANG_WARN_COMMA = YES;
				CLANG_WARN_CONSTANT_CONVERSION = YES;
				CLANG_WARN_DEPRECATED_OBJC_IMPLEMENTATIONS = YES;
				CLANG_WARN_DIRECT_OBJC_ISA_USAGE = YES_ERROR;
				CLANG_WARN_DOCUMENTATION_COMMENTS = YES;
				CLANG_WARN_EMPTY_BODY = YES;
				CLANG_WARN_ENUM_CONVERSION = YES;
				CLANG_WARN_INFINITE_RECURSION = YES;
				CLANG_WARN_INT_CONVERSION = YES;
				CLANG_WARN_NON_LITERAL_NULL_CONVERSION = YES;
				CLANG_WARN_OBJC_IMPLICIT_RETAIN_SELF = YES;
				CLANG_WARN_OBJC_LITERAL_CONVERSION = YES;
				CLANG_WARN_OBJC_ROOT_CLASS = YES_ERROR;
				CLANG_WARN_QUOTED_INCLUDE_IN_FRAMEWORK_HEADER = YES;
				CLANG_WARN_RANGE_LOOP_ANALYSIS = YES;
				CLANG_WARN_STRICT_PROTOTYPES = YES;
				CLANG_WARN_SUSPICIOUS_MOVE = YES;
				CLANG_WARN_UNGUARDED_AVAILABILITY = YES_AGGRESSIVE;
				CLANG_WARN_UNREACHABLE_CODE = YES;
				CLANG_WARN__DUPLICATE_METHOD_MATCH = YES;
				COPY_PHASE_STRIP = NO;
				DEBUG_INFORMATION_FORMAT = dwarf;
				ENABLE_STRICT_OBJC_MSGSEND = YES;
				ENABLE_TESTABILITY = YES;
				ENABLE_USER_SCRIPT_SANDBOXING = YES;
				GCC_C_LANGUAGE_STANDARD = gnu17;
				GCC_DYNAMIC_NO_PIC = NO;
				GCC_NO_COMMON_BLOCKS = YES;
				GCC_OPTIMIZATION_LEVEL = 0;
				GCC_PREPROCESSOR_DEFINITIONS = (
					"DEBUG=1",
					"$(inherited)",
				);
				GCC_WARN_64_TO_32_BIT_CONVERSION = YES;
				GCC_WARN_ABOUT_RETURN_TYPE = YES_ERROR;
				GCC_WARN_UNDECLARED_SELECTOR = YES;
				GCC_WARN_UNINITIALIZED_AUTOS = YES_AGGRESSIVE;
				GCC_WARN_UNUSED_FUNCTION = YES;
				GCC_WARN_UNUSED_VARIABLE = YES;
				IPHONEOS_DEPLOYMENT_TARGET = 17.5;
				LOCALIZATION_PREFERS_STRING_CATALOGS = YES;
				MTL_ENABLE_DEBUG_INFO = INCLUDE_SOURCE;
				MTL_FAST_MATH = YES;
				ONLY_ACTIVE_ARCH = YES;
				SDKROOT = iphoneos;
				SWIFT_ACTIVE_COMPILATION_CONDITIONS = "DEBUG $(inherited)";
				SWIFT_OPTIMIZATION_LEVEL = "-Onone";
			};
			name = Debug;
		};
		7EDCB1462CA1358D00E46603 /* Release */ = {
			isa = XCBuildConfiguration;
			buildSettings = {
				ALWAYS_SEARCH_USER_PATHS = NO;
				ASSETCATALOG_COMPILER_GENERATE_SWIFT_ASSET_SYMBOL_EXTENSIONS = YES;
				CLANG_ANALYZER_NONNULL = YES;
				CLANG_ANALYZER_NUMBER_OBJECT_CONVERSION = YES_AGGRESSIVE;
				CLANG_CXX_LANGUAGE_STANDARD = "gnu++20";
				CLANG_ENABLE_MODULES = YES;
				CLANG_ENABLE_OBJC_ARC = YES;
				CLANG_ENABLE_OBJC_WEAK = YES;
				CLANG_WARN_BLOCK_CAPTURE_AUTORELEASING = YES;
				CLANG_WARN_BOOL_CONVERSION = YES;
				CLANG_WARN_COMMA = YES;
				CLANG_WARN_CONSTANT_CONVERSION = YES;
				CLANG_WARN_DEPRECATED_OBJC_IMPLEMENTATIONS = YES;
				CLANG_WARN_DIRECT_OBJC_ISA_USAGE = YES_ERROR;
				CLANG_WARN_DOCUMENTATION_COMMENTS = YES;
				CLANG_WARN_EMPTY_BODY = YES;
				CLANG_WARN_ENUM_CONVERSION = YES;
				CLANG_WARN_INFINITE_RECURSION = YES;
				CLANG_WARN_INT_CONVERSION = YES;
				CLANG_WARN_NON_LITERAL_NULL_CONVERSION = YES;
				CLANG_WARN_OBJC_IMPLICIT_RETAIN_SELF = YES;
				CLANG_WARN_OBJC_LITERAL_CONVERSION = YES;
				CLANG_WARN_OBJC_ROOT_CLASS = YES_ERROR;
				CLANG_WARN_QUOTED_INCLUDE_IN_FRAMEWORK_HEADER = YES;
				CLANG_WARN_RANGE_LOOP_ANALYSIS = YES;
				CLANG_WARN_STRICT_PROTOTYPES = YES;
				CLANG_WARN_SUSPICIOUS_MOVE = YES;
				CLANG_WARN_UNGUARDED_AVAILABILITY = YES_AGGRESSIVE;
				CLANG_WARN_UNREACHABLE_CODE = YES;
				CLANG_WARN__DUPLICATE_METHOD_MATCH = YES;
				COPY_PHASE_STRIP = NO;
				DEBUG_INFORMATION_FORMAT = "dwarf-with-dsym";
				ENABLE_NS_ASSERTIONS = NO;
				ENABLE_STRICT_OBJC_MSGSEND = YES;
				ENABLE_USER_SCRIPT_SANDBOXING = YES;
				GCC_C_LANGUAGE_STANDARD = gnu17;
				GCC_NO_COMMON_BLOCKS = YES;
				GCC_WARN_64_TO_32_BIT_CONVERSION = YES;
				GCC_WARN_ABOUT_RETURN_TYPE = YES_ERROR;
				GCC_WARN_UNDECLARED_SELECTOR = YES;
				GCC_WARN_UNINITIALIZED_AUTOS = YES_AGGRESSIVE;
				GCC_WARN_UNUSED_FUNCTION = YES;
				GCC_WARN_UNUSED_VARIABLE = YES;
				IPHONEOS_DEPLOYMENT_TARGET = 17.5;
				LOCALIZATION_PREFERS_STRING_CATALOGS = YES;
				MTL_ENABLE_DEBUG_INFO = NO;
				MTL_FAST_MATH = YES;
				SDKROOT = iphoneos;
				SWIFT_COMPILATION_MODE = wholemodule;
				VALIDATE_PRODUCT = YES;
			};
			name = Release;
		};
		7EDCB1482CA1358D00E46603 /* Debug */ = {
			isa = XCBuildConfiguration;
			buildSettings = {
				ASSETCATALOG_COMPILER_APPICON_NAME = AppIcon;
				ASSETCATALOG_COMPILER_GLOBAL_ACCENT_COLOR_NAME = AccentColor;
				CODE_SIGN_STYLE = Automatic;
				CURRENT_PROJECT_VERSION = 1;
				DEVELOPMENT_ASSET_PATHS = "\"Weather_App/Preview Content\"";
				ENABLE_PREVIEWS = YES;
				GENERATE_INFOPLIST_FILE = YES;
				INFOPLIST_KEY_UIApplicationSceneManifest_Generation = YES;
				INFOPLIST_KEY_UIApplicationSupportsIndirectInputEvents = YES;
				INFOPLIST_KEY_UILaunchScreen_Generation = YES;
				INFOPLIST_KEY_UISupportedInterfaceOrientations_iPad = "UIInterfaceOrientationPortrait UIInterfaceOrientationPortraitUpsideDown UIInterfaceOrientationLandscapeLeft UIInterfaceOrientationLandscapeRight";
				INFOPLIST_KEY_UISupportedInterfaceOrientations_iPhone = "UIInterfaceOrientationPortrait UIInterfaceOrientationLandscapeLeft UIInterfaceOrientationLandscapeRight";
				LD_RUNPATH_SEARCH_PATHS = (
					"$(inherited)",
					"@executable_path/Frameworks",
				);
				MARKETING_VERSION = 1.0;
				PRODUCT_BUNDLE_IDENTIFIER = "Ml-bench.Weather-App";
				PRODUCT_NAME = "$(TARGET_NAME)";
				SWIFT_EMIT_LOC_STRINGS = YES;
				SWIFT_VERSION = 5.0;
				TARGETED_DEVICE_FAMILY = "1,2";
			};
			name = Debug;
		};
		7EDCB1492CA1358D00E46603 /* Release */ = {
			isa = XCBuildConfiguration;
			buildSettings = {
				ASSETCATALOG_COMPILER_APPICON_NAME = AppIcon;
				ASSETCATALOG_COMPILER_GLOBAL_ACCENT_COLOR_NAME = AccentColor;
				CODE_SIGN_STYLE = Automatic;
				CURRENT_PROJECT_VERSION = 1;
				DEVELOPMENT_ASSET_PATHS = "\"Weather_App/Preview Content\"";
				ENABLE_PREVIEWS = YES;
				GENERATE_INFOPLIST_FILE = YES;
				INFOPLIST_KEY_UIApplicationSceneManifest_Generation = YES;
				INFOPLIST_KEY_UIApplicationSupportsIndirectInputEvents = YES;
				INFOPLIST_KEY_UILaunchScreen_Generation = YES;
				INFOPLIST_KEY_UISupportedInterfaceOrientations_iPad = "UIInterfaceOrientationPortrait UIInterfaceOrientationPortraitUpsideDown UIInterfaceOrientationLandscapeLeft UIInterfaceOrientationLandscapeRight";
				INFOPLIST_KEY_UISupportedInterfaceOrientations_iPhone = "UIInterfaceOrientationPortrait UIInterfaceOrientationLandscapeLeft UIInterfaceOrientationLandscapeRight";
				LD_RUNPATH_SEARCH_PATHS = (
					"$(inherited)",
					"@executable_path/Frameworks",
				);
				MARKETING_VERSION = 1.0;
				PRODUCT_BUNDLE_IDENTIFIER = "Ml-bench.Weather-App";
				PRODUCT_NAME = "$(TARGET_NAME)";
				SWIFT_EMIT_LOC_STRINGS = YES;
				SWIFT_VERSION = 5.0;
				TARGETED_DEVICE_FAMILY = "1,2";
			};
			name = Release;
		};
		7EDCB14B2CA1358D00E46603 /* Debug */ = {
			isa = XCBuildConfiguration;
			buildSettings = {
				ALWAYS_EMBED_SWIFT_STANDARD_LIBRARIES = YES;
				BUNDLE_LOADER = "$(TEST_HOST)";
				CODE_SIGN_STYLE = Automatic;
				CURRENT_PROJECT_VERSION = 1;
				GENERATE_INFOPLIST_FILE = YES;
				IPHONEOS_DEPLOYMENT_TARGET = 17.5;
				MARKETING_VERSION = 1.0;
				PRODUCT_BUNDLE_IDENTIFIER = "Ml-bench.Weather-AppTests";
				PRODUCT_NAME = "$(TARGET_NAME)";
				SWIFT_EMIT_LOC_STRINGS = NO;
				SWIFT_VERSION = 5.0;
				TARGETED_DEVICE_FAMILY = "1,2";
				TEST_HOST = "$(BUILT_PRODUCTS_DIR)/Weather_App.app/$(BUNDLE_EXECUTABLE_FOLDER_PATH)/Weather_App";
			};
			name = Debug;
		};
		7EDCB14C2CA1358D00E46603 /* Release */ = {
			isa = XCBuildConfiguration;
			buildSettings = {
				ALWAYS_EMBED_SWIFT_STANDARD_LIBRARIES = YES;
				BUNDLE_LOADER = "$(TEST_HOST)";
				CODE_SIGN_STYLE = Automatic;
				CURRENT_PROJECT_VERSION = 1;
				GENERATE_INFOPLIST_FILE = YES;
				IPHONEOS_DEPLOYMENT_TARGET = 17.5;
				MARKETING_VERSION = 1.0;
				PRODUCT_BUNDLE_IDENTIFIER = "Ml-bench.Weather-AppTests";
				PRODUCT_NAME = "$(TARGET_NAME)";
				SWIFT_EMIT_LOC_STRINGS = NO;
				SWIFT_VERSION = 5.0;
				TARGETED_DEVICE_FAMILY = "1,2";
				TEST_HOST = "$(BUILT_PRODUCTS_DIR)/Weather_App.app/$(BUNDLE_EXECUTABLE_FOLDER_PATH)/Weather_App";
			};
			name = Release;
		};
		7EDCB14E2CA1358D00E46603 /* Debug */ = {
			isa = XCBuildConfiguration;
			buildSettings = {
				ALWAYS_EMBED_SWIFT_STANDARD_LIBRARIES = YES;
				CODE_SIGN_STYLE = Automatic;
				CURRENT_PROJECT_VERSION = 1;
				GENERATE_INFOPLIST_FILE = YES;
				MARKETING_VERSION = 1.0;
				PRODUCT_BUNDLE_IDENTIFIER = "Ml-bench.Weather-AppUITests";
				PRODUCT_NAME = "$(TARGET_NAME)";
				SWIFT_EMIT_LOC_STRINGS = NO;
				SWIFT_VERSION = 5.0;
				TARGETED_DEVICE_FAMILY = "1,2";
				TEST_TARGET_NAME = Weather_App;
			};
			name = Debug;
		};
		7EDCB14F2CA1358D00E46603 /* Release */ = {
			isa = XCBuildConfiguration;
			buildSettings = {
				ALWAYS_EMBED_SWIFT_STANDARD_LIBRARIES = YES;
				CODE_SIGN_STYLE = Automatic;
				CURRENT_PROJECT_VERSION = 1;
				GENERATE_INFOPLIST_FILE = YES;
				MARKETING_VERSION = 1.0;
				PRODUCT_BUNDLE_IDENTIFIER = "Ml-bench.Weather-AppUITests";
				PRODUCT_NAME = "$(TARGET_NAME)";
				SWIFT_EMIT_LOC_STRINGS = NO;
				SWIFT_VERSION = 5.0;
				TARGETED_DEVICE_FAMILY = "1,2";
				TEST_TARGET_NAME = Weather_App;
			};
			name = Release;
		};
/* End XCBuildConfiguration section */

/* Begin XCConfigurationList section */
		7EDCB11E2CA1358B00E46603 /* Build configuration list for PBXProject "Weather_App" */ = {
			isa = XCConfigurationList;
			buildConfigurations = (
				7EDCB1452CA1358D00E46603 /* Debug */,
				7EDCB1462CA1358D00E46603 /* Release */,
			);
			defaultConfigurationIsVisible = 0;
			defaultConfigurationName = Release;
		};
		7EDCB1472CA1358D00E46603 /* Build configuration list for PBXNativeTarget "Weather_App" */ = {
			isa = XCConfigurationList;
			buildConfigurations = (
				7EDCB1482CA1358D00E46603 /* Debug */,
				7EDCB1492CA1358D00E46603 /* Release */,
			);
			defaultConfigurationIsVisible = 0;
			defaultConfigurationName = Release;
		};
		7EDCB14A2CA1358D00E46603 /* Build configuration list for PBXNativeTarget "Weather_AppTests" */ = {
			isa = XCConfigurationList;
			buildConfigurations = (
				7EDCB14B2CA1358D00E46603 /* Debug */,
				7EDCB14C2CA1358D00E46603 /* Release */,
			);
			defaultConfigurationIsVisible = 0;
			defaultConfigurationName = Release;
		};
		7EDCB14D2CA1358D00E46603 /* Build configuration list for PBXNativeTarget "Weather_AppUITests" */ = {
			isa = XCConfigurationList;
			buildConfigurations = (
				7EDCB14E2CA1358D00E46603 /* Debug */,
				7EDCB14F2CA1358D00E46603 /* Release */,
			);
			defaultConfigurationIsVisible = 0;
			defaultConfigurationName = Release;
		};
/* End XCConfigurationList section */
	};
	rootObject = 7EDCB11B2CA1358B00E46603 /* Project object */;
}
